// !$*UTF8*$!
{
	archiveVersion = 1;
	classes = {
	};
	objectVersion = 56;
	objects = {

/* Begin PBXBuildFile section */
		AF23D1BD2C211F2500A3406D /* Preview Assets.xcassets in Resources */ = {isa = PBXBuildFile; fileRef = AF23D1BC2C211F2500A3406D /* Preview Assets.xcassets */; };
		AF23D1C72C211F2500A3406D /* Tourism_BeatsTests.swift in Sources */ = {isa = PBXBuildFile; fileRef = AF23D1C62C211F2500A3406D /* Tourism_BeatsTests.swift */; };
		AF23D1D12C211F2500A3406D /* Tourism_BeatsUITests.swift in Sources */ = {isa = PBXBuildFile; fileRef = AF23D1D02C211F2500A3406D /* Tourism_BeatsUITests.swift */; };
		AF23D1D32C211F2500A3406D /* Tourism_BeatsUITestsLaunchTests.swift in Sources */ = {isa = PBXBuildFile; fileRef = AF23D1D22C211F2500A3406D /* Tourism_BeatsUITestsLaunchTests.swift */; };
		AF23D1E12C21210B00A3406D /* MapKit.framework in Frameworks */ = {isa = PBXBuildFile; fileRef = AF23D1E02C21210B00A3406D /* MapKit.framework */; };
		AF23D1E32C21213900A3406D /* AVFoundation.framework in Frameworks */ = {isa = PBXBuildFile; fileRef = AF23D1E22C21213900A3406D /* AVFoundation.framework */; };
		AF653D6D2C213263002F7EFE /* HomePageViewTests.swift in Sources */ = {isa = PBXBuildFile; fileRef = AF653D6C2C213263002F7EFE /* HomePageViewTests.swift */; };
		AF653D7C2C2139CB002F7EFE /* CitySelectionView.swift in Sources */ = {isa = PBXBuildFile; fileRef = AF653D7A2C2139CB002F7EFE /* CitySelectionView.swift */; };
		AF653D7D2C2139CB002F7EFE /* HomePageView.swift in Sources */ = {isa = PBXBuildFile; fileRef = AF653D7B2C2139CB002F7EFE /* HomePageView.swift */; };
		AF653D7F2C213AFA002F7EFE /* Assets.xcassets in Resources */ = {isa = PBXBuildFile; fileRef = AF653D7E2C213AFA002F7EFE /* Assets.xcassets */; };
		AF653D832C213B8C002F7EFE /* Tourism_BeatsApp.swift in Sources */ = {isa = PBXBuildFile; fileRef = AF653D812C213B8C002F7EFE /* Tourism_BeatsApp.swift */; };
		AF653D842C213B8C002F7EFE /* .gitignore in Resources */ = {isa = PBXBuildFile; fileRef = AF653D822C213B8C002F7EFE /* .gitignore */; };
		AF653D862C213DDA002F7EFE /* SceneKit.framework in Frameworks */ = {isa = PBXBuildFile; fileRef = AF653D852C213DDA002F7EFE /* SceneKit.framework */; };
		AF653D872C213E2F002F7EFE /* MapKit.framework in Frameworks */ = {isa = PBXBuildFile; fileRef = AF23D1E02C21210B00A3406D /* MapKit.framework */; };
		AF653D892C213E4A002F7EFE /* CoreLocation.framework in Frameworks */ = {isa = PBXBuildFile; fileRef = AF653D882C213E4A002F7EFE /* CoreLocation.framework */; };
		AF653D8D2C213E5E002F7EFE /* UIKit.framework in Frameworks */ = {isa = PBXBuildFile; fileRef = AF653D8C2C213E5E002F7EFE /* UIKit.framework */; };
		AF653D8F2C213E64002F7EFE /* MusicKit.framework in Frameworks */ = {isa = PBXBuildFile; fileRef = AF653D8E2C213E64002F7EFE /* MusicKit.framework */; };
		AF653D912C213E7E002F7EFE /* QuartzCore.framework in Frameworks */ = {isa = PBXBuildFile; fileRef = AF653D902C213E7E002F7EFE /* QuartzCore.framework */; };
		AF653D932C213FEC002F7EFE /* EarthSceneView.swift in Sources */ = {isa = PBXBuildFile; fileRef = AF653D922C213FEC002F7EFE /* EarthSceneView.swift */; };
		AF653D972C214911002F7EFE /* MapView.swift in Sources */ = {isa = PBXBuildFile; fileRef = AF653D962C214911002F7EFE /* MapView.swift */; };
		AF653D992C2153AD002F7EFE /* TouristAttractionView.swift in Sources */ = {isa = PBXBuildFile; fileRef = AF653D982C2153AD002F7EFE /* TouristAttractionView.swift */; };
		AF653D9F2C22A6CE002F7EFE /* VideoPlayerView.swift in Sources */ = {isa = PBXBuildFile; fileRef = AF653D9E2C22A6CE002F7EFE /* VideoPlayerView.swift */; };
		AF653DA72C22C289002F7EFE /* eiffel_tower_video.mp4 in Resources */ = {isa = PBXBuildFile; fileRef = AF653DA62C22C289002F7EFE /* eiffel_tower_video.mp4 */; };
		AFAD155F2C394B7000CEB4BB /* TimeViewModel.swift in Sources */ = {isa = PBXBuildFile; fileRef = AFAD155E2C394B7000CEB4BB /* TimeViewModel.swift */; };
		AFAD15612C394BCA00CEB4BB /* TimeWidgetView.swift in Sources */ = {isa = PBXBuildFile; fileRef = AFAD15602C394BCA00CEB4BB /* TimeWidgetView.swift */; };
		AFC7931C2C3BC52E002240EB /* big_ben1_video.mp4 in Resources */ = {isa = PBXBuildFile; fileRef = AFC7931B2C3BC52E002240EB /* big_ben1_video.mp4 */; };
		AFC793262C3BD323002240EB /* great_wall_of_china_video.mp4 in Resources */ = {isa = PBXBuildFile; fileRef = AFC793252C3BD323002240EB /* great_wall_of_china_video.mp4 */; };
		AFC793282C3BD32B002240EB /* grand_palace_video.mp4 in Resources */ = {isa = PBXBuildFile; fileRef = AFC793272C3BD32B002240EB /* grand_palace_video.mp4 */; };
		AFC793302C3BD776002240EB /* christ_the_redeemer_video.mp4 in Resources */ = {isa = PBXBuildFile; fileRef = AFC7932F2C3BD776002240EB /* christ_the_redeemer_video.mp4 */; };
		AFC793322C3BD781002240EB /* colosseum_video.mp4 in Resources */ = {isa = PBXBuildFile; fileRef = AFC793312C3BD781002240EB /* colosseum_video.mp4 */; };
		AFC793342C3BD7E1002240EB /* india_gate_video.mp4 in Resources */ = {isa = PBXBuildFile; fileRef = AFC793332C3BD7E1002240EB /* india_gate_video.mp4 */; };
		AFC793362C3BD82B002240EB /* great_pyramid_of_giza_video.mp4 in Resources */ = {isa = PBXBuildFile; fileRef = AFC793352C3BD82B002240EB /* great_pyramid_of_giza_video.mp4 */; };
		AFC793382C3BDB0E002240EB /* sagrada_familia_video.mp4 in Resources */ = {isa = PBXBuildFile; fileRef = AFC793372C3BDB0E002240EB /* sagrada_familia_video.mp4 */; };
		AFC7933A2C3BDB17002240EB /* the_acropolis_video.mp4 in Resources */ = {isa = PBXBuildFile; fileRef = AFC793392C3BDB17002240EB /* the_acropolis_video.mp4 */; };
		AFC7933C2C3BDB1F002240EB /* tokyo_tower_video.mp4 in Resources */ = {isa = PBXBuildFile; fileRef = AFC7933B2C3BDB1F002240EB /* tokyo_tower_video.mp4 */; };
		AFC7933E2C3BDFC2002240EB /* kremlin_video.mp4 in Resources */ = {isa = PBXBuildFile; fileRef = AFC7933D2C3BDFC2002240EB /* kremlin_video.mp4 */; };
		AFC793462C3E714A002240EB /* SplashScreen.storyboard in Resources */ = {isa = PBXBuildFile; fileRef = AFC793452C3E714A002240EB /* SplashScreen.storyboard */; };
/* End PBXBuildFile section */

/* Begin PBXContainerItemProxy section */
		AF23D1C32C211F2500A3406D /* PBXContainerItemProxy */ = {
			isa = PBXContainerItemProxy;
			containerPortal = AF23D1AA2C211F2400A3406D /* Project object */;
			proxyType = 1;
			remoteGlobalIDString = AF23D1B12C211F2400A3406D;
			remoteInfo = "Tourism Beats";
		};
		AF23D1CD2C211F2500A3406D /* PBXContainerItemProxy */ = {
			isa = PBXContainerItemProxy;
			containerPortal = AF23D1AA2C211F2400A3406D /* Project object */;
			proxyType = 1;
			remoteGlobalIDString = AF23D1B12C211F2400A3406D;
			remoteInfo = "Tourism Beats";
		};
/* End PBXContainerItemProxy section */

/* Begin PBXFileReference section */
		AF23D1B22C211F2400A3406D /* Tourism Beats.app */ = {isa = PBXFileReference; explicitFileType = wrapper.application; includeInIndex = 0; path = "Tourism Beats.app"; sourceTree = BUILT_PRODUCTS_DIR; };
		AF23D1BC2C211F2500A3406D /* Preview Assets.xcassets */ = {isa = PBXFileReference; lastKnownFileType = folder.assetcatalog; path = "Preview Assets.xcassets"; sourceTree = "<group>"; };
		AF23D1C22C211F2500A3406D /* Tourism BeatsTests.xctest */ = {isa = PBXFileReference; explicitFileType = wrapper.cfbundle; includeInIndex = 0; path = "Tourism BeatsTests.xctest"; sourceTree = BUILT_PRODUCTS_DIR; };
		AF23D1C62C211F2500A3406D /* Tourism_BeatsTests.swift */ = {isa = PBXFileReference; lastKnownFileType = sourcecode.swift; path = Tourism_BeatsTests.swift; sourceTree = "<group>"; };
		AF23D1CC2C211F2500A3406D /* Tourism BeatsUITests.xctest */ = {isa = PBXFileReference; explicitFileType = wrapper.cfbundle; includeInIndex = 0; path = "Tourism BeatsUITests.xctest"; sourceTree = BUILT_PRODUCTS_DIR; };
		AF23D1D02C211F2500A3406D /* Tourism_BeatsUITests.swift */ = {isa = PBXFileReference; lastKnownFileType = sourcecode.swift; path = Tourism_BeatsUITests.swift; sourceTree = "<group>"; };
		AF23D1D22C211F2500A3406D /* Tourism_BeatsUITestsLaunchTests.swift */ = {isa = PBXFileReference; lastKnownFileType = sourcecode.swift; path = Tourism_BeatsUITestsLaunchTests.swift; sourceTree = "<group>"; };
		AF23D1E02C21210B00A3406D /* MapKit.framework */ = {isa = PBXFileReference; lastKnownFileType = wrapper.framework; name = MapKit.framework; path = System/Library/Frameworks/MapKit.framework; sourceTree = SDKROOT; };
		AF23D1E22C21213900A3406D /* AVFoundation.framework */ = {isa = PBXFileReference; lastKnownFileType = wrapper.framework; name = AVFoundation.framework; path = System/Library/Frameworks/AVFoundation.framework; sourceTree = SDKROOT; };
		AF653D6C2C213263002F7EFE /* HomePageViewTests.swift */ = {isa = PBXFileReference; lastKnownFileType = sourcecode.swift; path = HomePageViewTests.swift; sourceTree = "<group>"; };
		AF653D7A2C2139CB002F7EFE /* CitySelectionView.swift */ = {isa = PBXFileReference; fileEncoding = 4; lastKnownFileType = sourcecode.swift; path = CitySelectionView.swift; sourceTree = "<group>"; };
		AF653D7B2C2139CB002F7EFE /* HomePageView.swift */ = {isa = PBXFileReference; fileEncoding = 4; lastKnownFileType = sourcecode.swift; path = HomePageView.swift; sourceTree = "<group>"; };
		AF653D7E2C213AFA002F7EFE /* Assets.xcassets */ = {isa = PBXFileReference; lastKnownFileType = folder.assetcatalog; path = Assets.xcassets; sourceTree = "<group>"; };
		AF653D812C213B8C002F7EFE /* Tourism_BeatsApp.swift */ = {isa = PBXFileReference; fileEncoding = 4; lastKnownFileType = sourcecode.swift; path = Tourism_BeatsApp.swift; sourceTree = "<group>"; };
		AF653D822C213B8C002F7EFE /* .gitignore */ = {isa = PBXFileReference; fileEncoding = 4; lastKnownFileType = text; path = .gitignore; sourceTree = "<group>"; };
		AF653D852C213DDA002F7EFE /* SceneKit.framework */ = {isa = PBXFileReference; lastKnownFileType = wrapper.framework; name = SceneKit.framework; path = System/Library/Frameworks/SceneKit.framework; sourceTree = SDKROOT; };
		AF653D882C213E4A002F7EFE /* CoreLocation.framework */ = {isa = PBXFileReference; lastKnownFileType = wrapper.framework; name = CoreLocation.framework; path = System/Library/Frameworks/CoreLocation.framework; sourceTree = SDKROOT; };
		AF653D8C2C213E5E002F7EFE /* UIKit.framework */ = {isa = PBXFileReference; lastKnownFileType = wrapper.framework; name = UIKit.framework; path = System/Library/Frameworks/UIKit.framework; sourceTree = SDKROOT; };
		AF653D8E2C213E64002F7EFE /* MusicKit.framework */ = {isa = PBXFileReference; lastKnownFileType = wrapper.framework; name = MusicKit.framework; path = System/Library/Frameworks/MusicKit.framework; sourceTree = SDKROOT; };
		AF653D902C213E7E002F7EFE /* QuartzCore.framework */ = {isa = PBXFileReference; lastKnownFileType = wrapper.framework; name = QuartzCore.framework; path = System/Library/Frameworks/QuartzCore.framework; sourceTree = SDKROOT; };
		AF653D922C213FEC002F7EFE /* EarthSceneView.swift */ = {isa = PBXFileReference; lastKnownFileType = sourcecode.swift; path = EarthSceneView.swift; sourceTree = "<group>"; };
		AF653D962C214911002F7EFE /* MapView.swift */ = {isa = PBXFileReference; lastKnownFileType = sourcecode.swift; path = MapView.swift; sourceTree = "<group>"; };
		AF653D982C2153AD002F7EFE /* TouristAttractionView.swift */ = {isa = PBXFileReference; lastKnownFileType = sourcecode.swift; path = TouristAttractionView.swift; sourceTree = "<group>"; };
		AF653D9E2C22A6CE002F7EFE /* VideoPlayerView.swift */ = {isa = PBXFileReference; lastKnownFileType = sourcecode.swift; path = VideoPlayerView.swift; sourceTree = "<group>"; };
		AF653DA62C22C289002F7EFE /* eiffel_tower_video.mp4 */ = {isa = PBXFileReference; lastKnownFileType = file; path = eiffel_tower_video.mp4; sourceTree = "<group>"; };
		AFAD155E2C394B7000CEB4BB /* TimeViewModel.swift */ = {isa = PBXFileReference; lastKnownFileType = sourcecode.swift; path = TimeViewModel.swift; sourceTree = "<group>"; };
		AFAD15602C394BCA00CEB4BB /* TimeWidgetView.swift */ = {isa = PBXFileReference; lastKnownFileType = sourcecode.swift; path = TimeWidgetView.swift; sourceTree = "<group>"; };
		AFC7931B2C3BC52E002240EB /* big_ben1_video.mp4 */ = {isa = PBXFileReference; lastKnownFileType = file; name = big_ben1_video.mp4; path = ../../../pics/big_ben1_video.mp4; sourceTree = "<group>"; };
		AFC793252C3BD323002240EB /* great_wall_of_china_video.mp4 */ = {isa = PBXFileReference; lastKnownFileType = file; path = great_wall_of_china_video.mp4; sourceTree = "<group>"; };
		AFC793272C3BD32B002240EB /* grand_palace_video.mp4 */ = {isa = PBXFileReference; lastKnownFileType = file; path = grand_palace_video.mp4; sourceTree = "<group>"; };
		AFC7932F2C3BD776002240EB /* christ_the_redeemer_video.mp4 */ = {isa = PBXFileReference; lastKnownFileType = file; path = christ_the_redeemer_video.mp4; sourceTree = "<group>"; };
		AFC793312C3BD781002240EB /* colosseum_video.mp4 */ = {isa = PBXFileReference; lastKnownFileType = file; path = colosseum_video.mp4; sourceTree = "<group>"; };
		AFC793332C3BD7E1002240EB /* india_gate_video.mp4 */ = {isa = PBXFileReference; lastKnownFileType = file; path = india_gate_video.mp4; sourceTree = "<group>"; };
		AFC793352C3BD82B002240EB /* great_pyramid_of_giza_video.mp4 */ = {isa = PBXFileReference; lastKnownFileType = file; path = great_pyramid_of_giza_video.mp4; sourceTree = "<group>"; };
		AFC793372C3BDB0E002240EB /* sagrada_familia_video.mp4 */ = {isa = PBXFileReference; lastKnownFileType = file; name = sagrada_familia_video.mp4; path = ../../../pics/sagrada_familia_video.mp4; sourceTree = "<group>"; };
		AFC793392C3BDB17002240EB /* the_acropolis_video.mp4 */ = {isa = PBXFileReference; lastKnownFileType = file; name = the_acropolis_video.mp4; path = ../../../pics/the_acropolis_video.mp4; sourceTree = "<group>"; };
		AFC7933B2C3BDB1F002240EB /* tokyo_tower_video.mp4 */ = {isa = PBXFileReference; lastKnownFileType = file; name = tokyo_tower_video.mp4; path = ../../../pics/tokyo_tower_video.mp4; sourceTree = "<group>"; };
		AFC7933D2C3BDFC2002240EB /* kremlin_video.mp4 */ = {isa = PBXFileReference; lastKnownFileType = file; name = kremlin_video.mp4; path = ../../../pics/kremlin_video.mp4; sourceTree = "<group>"; };
		AFC793452C3E714A002240EB /* SplashScreen.storyboard */ = {isa = PBXFileReference; lastKnownFileType = file.storyboard; path = SplashScreen.storyboard; sourceTree = "<group>"; };
/* End PBXFileReference section */

/* Begin PBXFrameworksBuildPhase section */
		AF23D1AF2C211F2400A3406D /* Frameworks */ = {
			isa = PBXFrameworksBuildPhase;
			buildActionMask = 2147483647;
			files = (
				AF23D1E32C21213900A3406D /* AVFoundation.framework in Frameworks */,
				AF653D892C213E4A002F7EFE /* CoreLocation.framework in Frameworks */,
				AF653D862C213DDA002F7EFE /* SceneKit.framework in Frameworks */,
				AF653D872C213E2F002F7EFE /* MapKit.framework in Frameworks */,
				AF653D8D2C213E5E002F7EFE /* UIKit.framework in Frameworks */,
				AF23D1E12C21210B00A3406D /* MapKit.framework in Frameworks */,
				AF653D8F2C213E64002F7EFE /* MusicKit.framework in Frameworks */,
				AF653D912C213E7E002F7EFE /* QuartzCore.framework in Frameworks */,
			);
			runOnlyForDeploymentPostprocessing = 0;
		};
		AF23D1BF2C211F2500A3406D /* Frameworks */ = {
			isa = PBXFrameworksBuildPhase;
			buildActionMask = 2147483647;
			files = (
			);
			runOnlyForDeploymentPostprocessing = 0;
		};
		AF23D1C92C211F2500A3406D /* Frameworks */ = {
			isa = PBXFrameworksBuildPhase;
			buildActionMask = 2147483647;
			files = (
			);
			runOnlyForDeploymentPostprocessing = 0;
		};
/* End PBXFrameworksBuildPhase section */

/* Begin PBXGroup section */
		AF23D1A92C211F2400A3406D = {
			isa = PBXGroup;
			children = (
				AF23D1B42C211F2400A3406D /* Tourism Beats */,
				AF23D1C52C211F2500A3406D /* Tourism BeatsTests */,
				AF23D1CF2C211F2500A3406D /* Tourism BeatsUITests */,
				AF23D1B32C211F2400A3406D /* Products */,
				AF23D1DF2C21210B00A3406D /* Frameworks */,
			);
			sourceTree = "<group>";
		};
		AF23D1B32C211F2400A3406D /* Products */ = {
			isa = PBXGroup;
			children = (
				AF23D1B22C211F2400A3406D /* Tourism Beats.app */,
				AF23D1C22C211F2500A3406D /* Tourism BeatsTests.xctest */,
				AF23D1CC2C211F2500A3406D /* Tourism BeatsUITests.xctest */,
			);
			name = Products;
			sourceTree = "<group>";
		};
		AF23D1B42C211F2400A3406D /* Tourism Beats */ = {
			isa = PBXGroup;
			children = (
				AFAD155D2C394B4F00CEB4BB /* ViewModels */,
				AF653D802C213B28002F7EFE /* SupportingFiles */,
				AF653D6F2C2136E3002F7EFE /* Views */,
				AF653D6E2C213692002F7EFE /* Resources */,
				AF23D1BB2C211F2500A3406D /* Preview Content */,
			);
			path = "Tourism Beats";
			sourceTree = "<group>";
		};
		AF23D1BB2C211F2500A3406D /* Preview Content */ = {
			isa = PBXGroup;
			children = (
				AF23D1BC2C211F2500A3406D /* Preview Assets.xcassets */,
			);
			path = "Preview Content";
			sourceTree = "<group>";
		};
		AF23D1C52C211F2500A3406D /* Tourism BeatsTests */ = {
			isa = PBXGroup;
			children = (
				AF23D1C62C211F2500A3406D /* Tourism_BeatsTests.swift */,
			);
			path = "Tourism BeatsTests";
			sourceTree = "<group>";
		};
		AF23D1CF2C211F2500A3406D /* Tourism BeatsUITests */ = {
			isa = PBXGroup;
			children = (
				AF23D1D02C211F2500A3406D /* Tourism_BeatsUITests.swift */,
				AF23D1D22C211F2500A3406D /* Tourism_BeatsUITestsLaunchTests.swift */,
				AF653D6C2C213263002F7EFE /* HomePageViewTests.swift */,
			);
			path = "Tourism BeatsUITests";
			sourceTree = "<group>";
		};
		AF23D1DF2C21210B00A3406D /* Frameworks */ = {
			isa = PBXGroup;
			children = (
				AF653D902C213E7E002F7EFE /* QuartzCore.framework */,
				AF653D8E2C213E64002F7EFE /* MusicKit.framework */,
				AF653D8C2C213E5E002F7EFE /* UIKit.framework */,
				AF653D882C213E4A002F7EFE /* CoreLocation.framework */,
				AF653D852C213DDA002F7EFE /* SceneKit.framework */,
				AF23D1E22C21213900A3406D /* AVFoundation.framework */,
				AF23D1E02C21210B00A3406D /* MapKit.framework */,
			);
			name = Frameworks;
			sourceTree = "<group>";
		};
		AF653D6E2C213692002F7EFE /* Resources */ = {
			isa = PBXGroup;
			children = (
				AF653D7E2C213AFA002F7EFE /* Assets.xcassets */,
				AFC7931B2C3BC52E002240EB /* big_ben1_video.mp4 */,
				AF653DA62C22C289002F7EFE /* eiffel_tower_video.mp4 */,
				AFC7933B2C3BDB1F002240EB /* tokyo_tower_video.mp4 */,
				AFC793252C3BD323002240EB /* great_wall_of_china_video.mp4 */,
				AFC793272C3BD32B002240EB /* grand_palace_video.mp4 */,
				AFC7932F2C3BD776002240EB /* christ_the_redeemer_video.mp4 */,
				AFC793332C3BD7E1002240EB /* india_gate_video.mp4 */,
				AFC793312C3BD781002240EB /* colosseum_video.mp4 */,
				AFC793352C3BD82B002240EB /* great_pyramid_of_giza_video.mp4 */,
				AFC793372C3BDB0E002240EB /* sagrada_familia_video.mp4 */,
				AFC7933D2C3BDFC2002240EB /* kremlin_video.mp4 */,
				AFC793392C3BDB17002240EB /* the_acropolis_video.mp4 */,
			);
			path = Resources;
			sourceTree = "<group>";
		};
		AF653D6F2C2136E3002F7EFE /* Views */ = {
			isa = PBXGroup;
			children = (
				AF653D7A2C2139CB002F7EFE /* CitySelectionView.swift */,
				AF653D7B2C2139CB002F7EFE /* HomePageView.swift */,
				AF653D922C213FEC002F7EFE /* EarthSceneView.swift */,
				AF653D962C214911002F7EFE /* MapView.swift */,
				AF653D982C2153AD002F7EFE /* TouristAttractionView.swift */,
				AF653D9E2C22A6CE002F7EFE /* VideoPlayerView.swift */,
				AFAD15602C394BCA00CEB4BB /* TimeWidgetView.swift */,
			);
			path = Views;
			sourceTree = "<group>";
		};
		AF653D802C213B28002F7EFE /* SupportingFiles */ = {
			isa = PBXGroup;
			children = (
				AF653D822C213B8C002F7EFE /* .gitignore */,
				AF653D812C213B8C002F7EFE /* Tourism_BeatsApp.swift */,
				AFC793452C3E714A002240EB /* SplashScreen.storyboard */,
			);
			path = SupportingFiles;
			sourceTree = "<group>";
		};
		AFAD155D2C394B4F00CEB4BB /* ViewModels */ = {
			isa = PBXGroup;
			children = (
				AFAD155E2C394B7000CEB4BB /* TimeViewModel.swift */,
			);
			path = ViewModels;
			sourceTree = "<group>";
		};
/* End PBXGroup section */

/* Begin PBXNativeTarget section */
		AF23D1B12C211F2400A3406D /* Tourism Beats */ = {
			isa = PBXNativeTarget;
			buildConfigurationList = AF23D1D62C211F2500A3406D /* Build configuration list for PBXNativeTarget "Tourism Beats" */;
			buildPhases = (
				AF23D1AE2C211F2400A3406D /* Sources */,
				AF23D1AF2C211F2400A3406D /* Frameworks */,
				AF23D1B02C211F2400A3406D /* Resources */,
			);
			buildRules = (
			);
			dependencies = (
			);
			name = "Tourism Beats";
			productName = "Tourism Beats";
			productReference = AF23D1B22C211F2400A3406D /* Tourism Beats.app */;
			productType = "com.apple.product-type.application";
		};
		AF23D1C12C211F2500A3406D /* Tourism BeatsTests */ = {
			isa = PBXNativeTarget;
			buildConfigurationList = AF23D1D92C211F2500A3406D /* Build configuration list for PBXNativeTarget "Tourism BeatsTests" */;
			buildPhases = (
				AF23D1BE2C211F2500A3406D /* Sources */,
				AF23D1BF2C211F2500A3406D /* Frameworks */,
				AF23D1C02C211F2500A3406D /* Resources */,
			);
			buildRules = (
			);
			dependencies = (
				AF23D1C42C211F2500A3406D /* PBXTargetDependency */,
			);
			name = "Tourism BeatsTests";
			productName = "Tourism BeatsTests";
			productReference = AF23D1C22C211F2500A3406D /* Tourism BeatsTests.xctest */;
			productType = "com.apple.product-type.bundle.unit-test";
		};
		AF23D1CB2C211F2500A3406D /* Tourism BeatsUITests */ = {
			isa = PBXNativeTarget;
			buildConfigurationList = AF23D1DC2C211F2500A3406D /* Build configuration list for PBXNativeTarget "Tourism BeatsUITests" */;
			buildPhases = (
				AF23D1C82C211F2500A3406D /* Sources */,
				AF23D1C92C211F2500A3406D /* Frameworks */,
				AF23D1CA2C211F2500A3406D /* Resources */,
			);
			buildRules = (
			);
			dependencies = (
				AF23D1CE2C211F2500A3406D /* PBXTargetDependency */,
			);
			name = "Tourism BeatsUITests";
			productName = "Tourism BeatsUITests";
			productReference = AF23D1CC2C211F2500A3406D /* Tourism BeatsUITests.xctest */;
			productType = "com.apple.product-type.bundle.ui-testing";
		};
/* End PBXNativeTarget section */

/* Begin PBXProject section */
		AF23D1AA2C211F2400A3406D /* Project object */ = {
			isa = PBXProject;
			attributes = {
				BuildIndependentTargetsInParallel = 1;
				LastSwiftUpdateCheck = 1540;
				LastUpgradeCheck = 1540;
				TargetAttributes = {
					AF23D1B12C211F2400A3406D = {
						CreatedOnToolsVersion = 15.4;
					};
					AF23D1C12C211F2500A3406D = {
						CreatedOnToolsVersion = 15.4;
						TestTargetID = AF23D1B12C211F2400A3406D;
					};
					AF23D1CB2C211F2500A3406D = {
						CreatedOnToolsVersion = 15.4;
						TestTargetID = AF23D1B12C211F2400A3406D;
					};
				};
			};
			buildConfigurationList = AF23D1AD2C211F2400A3406D /* Build configuration list for PBXProject "Tourism Beats" */;
			compatibilityVersion = "Xcode 14.0";
			developmentRegion = en;
			hasScannedForEncodings = 0;
			knownRegions = (
				en,
				Base,
			);
			mainGroup = AF23D1A92C211F2400A3406D;
			productRefGroup = AF23D1B32C211F2400A3406D /* Products */;
			projectDirPath = "";
			projectRoot = "";
			targets = (
				AF23D1B12C211F2400A3406D /* Tourism Beats */,
				AF23D1C12C211F2500A3406D /* Tourism BeatsTests */,
				AF23D1CB2C211F2500A3406D /* Tourism BeatsUITests */,
			);
		};
/* End PBXProject section */

/* Begin PBXResourcesBuildPhase section */
		AF23D1B02C211F2400A3406D /* Resources */ = {
			isa = PBXResourcesBuildPhase;
			buildActionMask = 2147483647;
			files = (
				AFC793282C3BD32B002240EB /* grand_palace_video.mp4 in Resources */,
				AF653DA72C22C289002F7EFE /* eiffel_tower_video.mp4 in Resources */,
				AFC793302C3BD776002240EB /* christ_the_redeemer_video.mp4 in Resources */,
				AFC793322C3BD781002240EB /* colosseum_video.mp4 in Resources */,
				AFC7933C2C3BDB1F002240EB /* tokyo_tower_video.mp4 in Resources */,
				AF23D1BD2C211F2500A3406D /* Preview Assets.xcassets in Resources */,
				AFC7933A2C3BDB17002240EB /* the_acropolis_video.mp4 in Resources */,
				AFC793382C3BDB0E002240EB /* sagrada_familia_video.mp4 in Resources */,
				AFC793262C3BD323002240EB /* great_wall_of_china_video.mp4 in Resources */,
				AFC793462C3E714A002240EB /* SplashScreen.storyboard in Resources */,
				AF653D842C213B8C002F7EFE /* .gitignore in Resources */,
				AFC7931C2C3BC52E002240EB /* big_ben1_video.mp4 in Resources */,
				AFC793362C3BD82B002240EB /* great_pyramid_of_giza_video.mp4 in Resources */,
				AFC7933E2C3BDFC2002240EB /* kremlin_video.mp4 in Resources */,
				AFC793342C3BD7E1002240EB /* india_gate_video.mp4 in Resources */,
				AF653D7F2C213AFA002F7EFE /* Assets.xcassets in Resources */,
			);
			runOnlyForDeploymentPostprocessing = 0;
		};
		AF23D1C02C211F2500A3406D /* Resources */ = {
			isa = PBXResourcesBuildPhase;
			buildActionMask = 2147483647;
			files = (
			);
			runOnlyForDeploymentPostprocessing = 0;
		};
		AF23D1CA2C211F2500A3406D /* Resources */ = {
			isa = PBXResourcesBuildPhase;
			buildActionMask = 2147483647;
			files = (
			);
			runOnlyForDeploymentPostprocessing = 0;
		};
/* End PBXResourcesBuildPhase section */

/* Begin PBXSourcesBuildPhase section */
		AF23D1AE2C211F2400A3406D /* Sources */ = {
			isa = PBXSourcesBuildPhase;
			buildActionMask = 2147483647;
			files = (
				AF653D932C213FEC002F7EFE /* EarthSceneView.swift in Sources */,
				AFAD155F2C394B7000CEB4BB /* TimeViewModel.swift in Sources */,
				AF653D7C2C2139CB002F7EFE /* CitySelectionView.swift in Sources */,
				AF653D972C214911002F7EFE /* MapView.swift in Sources */,
				AFAD15612C394BCA00CEB4BB /* TimeWidgetView.swift in Sources */,
				AF653D832C213B8C002F7EFE /* Tourism_BeatsApp.swift in Sources */,
				AF653D992C2153AD002F7EFE /* TouristAttractionView.swift in Sources */,
				AF653D7D2C2139CB002F7EFE /* HomePageView.swift in Sources */,
				AF653D9F2C22A6CE002F7EFE /* VideoPlayerView.swift in Sources */,
			);
			runOnlyForDeploymentPostprocessing = 0;
		};
		AF23D1BE2C211F2500A3406D /* Sources */ = {
			isa = PBXSourcesBuildPhase;
			buildActionMask = 2147483647;
			files = (
				AF23D1C72C211F2500A3406D /* Tourism_BeatsTests.swift in Sources */,
			);
			runOnlyForDeploymentPostprocessing = 0;
		};
		AF23D1C82C211F2500A3406D /* Sources */ = {
			isa = PBXSourcesBuildPhase;
			buildActionMask = 2147483647;
			files = (
				AF23D1D32C211F2500A3406D /* Tourism_BeatsUITestsLaunchTests.swift in Sources */,
				AF23D1D12C211F2500A3406D /* Tourism_BeatsUITests.swift in Sources */,
				AF653D6D2C213263002F7EFE /* HomePageViewTests.swift in Sources */,
			);
			runOnlyForDeploymentPostprocessing = 0;
		};
/* End PBXSourcesBuildPhase section */

/* Begin PBXTargetDependency section */
		AF23D1C42C211F2500A3406D /* PBXTargetDependency */ = {
			isa = PBXTargetDependency;
			target = AF23D1B12C211F2400A3406D /* Tourism Beats */;
			targetProxy = AF23D1C32C211F2500A3406D /* PBXContainerItemProxy */;
		};
		AF23D1CE2C211F2500A3406D /* PBXTargetDependency */ = {
			isa = PBXTargetDependency;
			target = AF23D1B12C211F2400A3406D /* Tourism Beats */;
			targetProxy = AF23D1CD2C211F2500A3406D /* PBXContainerItemProxy */;
		};
/* End PBXTargetDependency section */

/* Begin XCBuildConfiguration section */
		AF23D1D42C211F2500A3406D /* Debug */ = {
			isa = XCBuildConfiguration;
			buildSettings = {
				ALWAYS_SEARCH_USER_PATHS = NO;
				ASSETCATALOG_COMPILER_GENERATE_SWIFT_ASSET_SYMBOL_EXTENSIONS = YES;
				CLANG_ANALYZER_NONNULL = YES;
				CLANG_ANALYZER_NUMBER_OBJECT_CONVERSION = YES_AGGRESSIVE;
				CLANG_CXX_LANGUAGE_STANDARD = "gnu++20";
				CLANG_ENABLE_MODULES = YES;
				CLANG_ENABLE_OBJC_ARC = YES;
				CLANG_ENABLE_OBJC_WEAK = YES;
				CLANG_WARN_BLOCK_CAPTURE_AUTORELEASING = YES;
				CLANG_WARN_BOOL_CONVERSION = YES;
				CLANG_WARN_COMMA = YES;
				CLANG_WARN_CONSTANT_CONVERSION = YES;
				CLANG_WARN_DEPRECATED_OBJC_IMPLEMENTATIONS = YES;
				CLANG_WARN_DIRECT_OBJC_ISA_USAGE = YES_ERROR;
				CLANG_WARN_DOCUMENTATION_COMMENTS = YES;
				CLANG_WARN_EMPTY_BODY = YES;
				CLANG_WARN_ENUM_CONVERSION = YES;
				CLANG_WARN_INFINITE_RECURSION = YES;
				CLANG_WARN_INT_CONVERSION = YES;
				CLANG_WARN_NON_LITERAL_NULL_CONVERSION = YES;
				CLANG_WARN_OBJC_IMPLICIT_RETAIN_SELF = YES;
				CLANG_WARN_OBJC_LITERAL_CONVERSION = YES;
				CLANG_WARN_OBJC_ROOT_CLASS = YES_ERROR;
				CLANG_WARN_QUOTED_INCLUDE_IN_FRAMEWORK_HEADER = YES;
				CLANG_WARN_RANGE_LOOP_ANALYSIS = YES;
				CLANG_WARN_STRICT_PROTOTYPES = YES;
				CLANG_WARN_SUSPICIOUS_MOVE = YES;
				CLANG_WARN_UNGUARDED_AVAILABILITY = YES_AGGRESSIVE;
				CLANG_WARN_UNREACHABLE_CODE = YES;
				CLANG_WARN__DUPLICATE_METHOD_MATCH = YES;
				COPY_PHASE_STRIP = NO;
				DEBUG_INFORMATION_FORMAT = dwarf;
				ENABLE_STRICT_OBJC_MSGSEND = YES;
				ENABLE_TESTABILITY = YES;
				ENABLE_USER_SCRIPT_SANDBOXING = YES;
				GCC_C_LANGUAGE_STANDARD = gnu17;
				GCC_DYNAMIC_NO_PIC = NO;
				GCC_NO_COMMON_BLOCKS = YES;
				GCC_OPTIMIZATION_LEVEL = 0;
				GCC_PREPROCESSOR_DEFINITIONS = (
					"DEBUG=1",
					"$(inherited)",
				);
				GCC_WARN_64_TO_32_BIT_CONVERSION = YES;
				GCC_WARN_ABOUT_RETURN_TYPE = YES_ERROR;
				GCC_WARN_UNDECLARED_SELECTOR = YES;
				GCC_WARN_UNINITIALIZED_AUTOS = YES_AGGRESSIVE;
				GCC_WARN_UNUSED_FUNCTION = YES;
				GCC_WARN_UNUSED_VARIABLE = YES;
				IPHONEOS_DEPLOYMENT_TARGET = 17.5;
				LOCALIZATION_PREFERS_STRING_CATALOGS = YES;
				MTL_ENABLE_DEBUG_INFO = INCLUDE_SOURCE;
				MTL_FAST_MATH = YES;
				ONLY_ACTIVE_ARCH = YES;
				SDKROOT = iphoneos;
				SWIFT_ACTIVE_COMPILATION_CONDITIONS = "DEBUG $(inherited)";
				SWIFT_OPTIMIZATION_LEVEL = "-Onone";
			};
			name = Debug;
		};
		AF23D1D52C211F2500A3406D /* Release */ = {
			isa = XCBuildConfiguration;
			buildSettings = {
				ALWAYS_SEARCH_USER_PATHS = NO;
				ASSETCATALOG_COMPILER_GENERATE_SWIFT_ASSET_SYMBOL_EXTENSIONS = YES;
				CLANG_ANALYZER_NONNULL = YES;
				CLANG_ANALYZER_NUMBER_OBJECT_CONVERSION = YES_AGGRESSIVE;
				CLANG_CXX_LANGUAGE_STANDARD = "gnu++20";
				CLANG_ENABLE_MODULES = YES;
				CLANG_ENABLE_OBJC_ARC = YES;
				CLANG_ENABLE_OBJC_WEAK = YES;
				CLANG_WARN_BLOCK_CAPTURE_AUTORELEASING = YES;
				CLANG_WARN_BOOL_CONVERSION = YES;
				CLANG_WARN_COMMA = YES;
				CLANG_WARN_CONSTANT_CONVERSION = YES;
				CLANG_WARN_DEPRECATED_OBJC_IMPLEMENTATIONS = YES;
				CLANG_WARN_DIRECT_OBJC_ISA_USAGE = YES_ERROR;
				CLANG_WARN_DOCUMENTATION_COMMENTS = YES;
				CLANG_WARN_EMPTY_BODY = YES;
				CLANG_WARN_ENUM_CONVERSION = YES;
				CLANG_WARN_INFINITE_RECURSION = YES;
				CLANG_WARN_INT_CONVERSION = YES;
				CLANG_WARN_NON_LITERAL_NULL_CONVERSION = YES;
				CLANG_WARN_OBJC_IMPLICIT_RETAIN_SELF = YES;
				CLANG_WARN_OBJC_LITERAL_CONVERSION = YES;
				CLANG_WARN_OBJC_ROOT_CLASS = YES_ERROR;
				CLANG_WARN_QUOTED_INCLUDE_IN_FRAMEWORK_HEADER = YES;
				CLANG_WARN_RANGE_LOOP_ANALYSIS = YES;
				CLANG_WARN_STRICT_PROTOTYPES = YES;
				CLANG_WARN_SUSPICIOUS_MOVE = YES;
				CLANG_WARN_UNGUARDED_AVAILABILITY = YES_AGGRESSIVE;
				CLANG_WARN_UNREACHABLE_CODE = YES;
				CLANG_WARN__DUPLICATE_METHOD_MATCH = YES;
				COPY_PHASE_STRIP = NO;
				DEBUG_INFORMATION_FORMAT = "dwarf-with-dsym";
				ENABLE_NS_ASSERTIONS = NO;
				ENABLE_STRICT_OBJC_MSGSEND = YES;
				ENABLE_USER_SCRIPT_SANDBOXING = YES;
				GCC_C_LANGUAGE_STANDARD = gnu17;
				GCC_NO_COMMON_BLOCKS = YES;
				GCC_WARN_64_TO_32_BIT_CONVERSION = YES;
				GCC_WARN_ABOUT_RETURN_TYPE = YES_ERROR;
				GCC_WARN_UNDECLARED_SELECTOR = YES;
				GCC_WARN_UNINITIALIZED_AUTOS = YES_AGGRESSIVE;
				GCC_WARN_UNUSED_FUNCTION = YES;
				GCC_WARN_UNUSED_VARIABLE = YES;
				IPHONEOS_DEPLOYMENT_TARGET = 17.5;
				LOCALIZATION_PREFERS_STRING_CATALOGS = YES;
				MTL_ENABLE_DEBUG_INFO = NO;
				MTL_FAST_MATH = YES;
				SDKROOT = iphoneos;
				SWIFT_COMPILATION_MODE = wholemodule;
				VALIDATE_PRODUCT = YES;
			};
			name = Release;
		};
		AF23D1D72C211F2500A3406D /* Debug */ = {
			isa = XCBuildConfiguration;
			buildSettings = {
				ASSETCATALOG_COMPILER_APPICON_NAME = AppIcon;
				ASSETCATALOG_COMPILER_GLOBAL_ACCENT_COLOR_NAME = AccentColor;
				CODE_SIGN_STYLE = Automatic;
				CURRENT_PROJECT_VERSION = 1;
				DEVELOPMENT_ASSET_PATHS = "\"Tourism Beats/Preview Content\"";
				DEVELOPMENT_TEAM = 2MPMKAF986;
				ENABLE_PREVIEWS = YES;
				GENERATE_INFOPLIST_FILE = YES;
				INFOPLIST_KEY_CFBundleDisplayName = "Tourism Beats";
				INFOPLIST_KEY_LSApplicationCategoryType = "public.app-category.travel";
				INFOPLIST_KEY_UIApplicationSceneManifest_Generation = YES;
				INFOPLIST_KEY_UIApplicationSupportsIndirectInputEvents = YES;
				INFOPLIST_KEY_UILaunchScreen_Generation = YES;
				INFOPLIST_KEY_UILaunchStoryboardName = SplashScreen.storyboard;
				INFOPLIST_KEY_UIStatusBarStyle = UIStatusBarStyleDarkContent;
				INFOPLIST_KEY_UISupportedInterfaceOrientations_iPad = "UIInterfaceOrientationPortrait UIInterfaceOrientationPortraitUpsideDown UIInterfaceOrientationLandscapeLeft UIInterfaceOrientationLandscapeRight";
				INFOPLIST_KEY_UISupportedInterfaceOrientations_iPhone = "UIInterfaceOrientationPortrait UIInterfaceOrientationLandscapeLeft UIInterfaceOrientationLandscapeRight";
				IPHONEOS_DEPLOYMENT_TARGET = 16.0;
				LD_RUNPATH_SEARCH_PATHS = (
					"$(inherited)",
					"@executable_path/Frameworks",
				);
				MARKETING_VERSION = 1.0;
				PRODUCT_BUNDLE_IDENTIFIER = "com.arieljtyson.Tourism-Beats";
				PRODUCT_NAME = "$(TARGET_NAME)";
				SWIFT_EMIT_LOC_STRINGS = YES;
				SWIFT_VERSION = 5.0;
				TARGETED_DEVICE_FAMILY = "1,2";
			};
			name = Debug;
		};
		AF23D1D82C211F2500A3406D /* Release */ = {
			isa = XCBuildConfiguration;
			buildSettings = {
				ASSETCATALOG_COMPILER_APPICON_NAME = AppIcon;
				ASSETCATALOG_COMPILER_GLOBAL_ACCENT_COLOR_NAME = AccentColor;
				CODE_SIGN_STYLE = Automatic;
				CURRENT_PROJECT_VERSION = 1;
				DEVELOPMENT_ASSET_PATHS = "\"Tourism Beats/Preview Content\"";
				DEVELOPMENT_TEAM = 2MPMKAF986;
				ENABLE_PREVIEWS = YES;
				GENERATE_INFOPLIST_FILE = YES;
				INFOPLIST_KEY_CFBundleDisplayName = "Tourism Beats";
				INFOPLIST_KEY_LSApplicationCategoryType = "public.app-category.travel";
				INFOPLIST_KEY_UIApplicationSceneManifest_Generation = YES;
				INFOPLIST_KEY_UIApplicationSupportsIndirectInputEvents = YES;
				INFOPLIST_KEY_UILaunchScreen_Generation = YES;
				INFOPLIST_KEY_UILaunchStoryboardName = SplashScreen.storyboard;
				INFOPLIST_KEY_UIStatusBarStyle = UIStatusBarStyleDarkContent;
				INFOPLIST_KEY_UISupportedInterfaceOrientations_iPad = "UIInterfaceOrientationPortrait UIInterfaceOrientationPortraitUpsideDown UIInterfaceOrientationLandscapeLeft UIInterfaceOrientationLandscapeRight";
				INFOPLIST_KEY_UISupportedInterfaceOrientations_iPhone = "UIInterfaceOrientationPortrait UIInterfaceOrientationLandscapeLeft UIInterfaceOrientationLandscapeRight";
				IPHONEOS_DEPLOYMENT_TARGET = 16.0;
				LD_RUNPATH_SEARCH_PATHS = (
					"$(inherited)",
					"@executable_path/Frameworks",
				);
				MARKETING_VERSION = 1.0;
				PRODUCT_BUNDLE_IDENTIFIER = "com.arieljtyson.Tourism-Beats";
				PRODUCT_NAME = "$(TARGET_NAME)";
				SWIFT_EMIT_LOC_STRINGS = YES;
				SWIFT_VERSION = 5.0;
				TARGETED_DEVICE_FAMILY = "1,2";
			};
			name = Release;
		};
		AF23D1DA2C211F2500A3406D /* Debug */ = {
			isa = XCBuildConfiguration;
			buildSettings = {
				ALWAYS_EMBED_SWIFT_STANDARD_LIBRARIES = YES;
				BUNDLE_LOADER = "$(TEST_HOST)";
				CODE_SIGN_STYLE = Automatic;
				CURRENT_PROJECT_VERSION = 1;
				DEVELOPMENT_TEAM = 2MPMKAF986;
				GENERATE_INFOPLIST_FILE = YES;
				IPHONEOS_DEPLOYMENT_TARGET = 17.5;
				MARKETING_VERSION = 1.0;
				PRODUCT_BUNDLE_IDENTIFIER = "com.arieljtyson.Tourism-BeatsTests";
				PRODUCT_NAME = "$(TARGET_NAME)";
				SWIFT_EMIT_LOC_STRINGS = NO;
				SWIFT_VERSION = 5.0;
				TARGETED_DEVICE_FAMILY = "1,2";
				TEST_HOST = "$(BUILT_PRODUCTS_DIR)/Tourism Beats.app/$(BUNDLE_EXECUTABLE_FOLDER_PATH)/Tourism Beats";
			};
			name = Debug;
		};
		AF23D1DB2C211F2500A3406D /* Release */ = {
			isa = XCBuildConfiguration;
			buildSettings = {
				ALWAYS_EMBED_SWIFT_STANDARD_LIBRARIES = YES;
				BUNDLE_LOADER = "$(TEST_HOST)";
				CODE_SIGN_STYLE = Automatic;
				CURRENT_PROJECT_VERSION = 1;
				DEVELOPMENT_TEAM = 2MPMKAF986;
				GENERATE_INFOPLIST_FILE = YES;
				IPHONEOS_DEPLOYMENT_TARGET = 17.5;
				MARKETING_VERSION = 1.0;
				PRODUCT_BUNDLE_IDENTIFIER = "com.arieljtyson.Tourism-BeatsTests";
				PRODUCT_NAME = "$(TARGET_NAME)";
				SWIFT_EMIT_LOC_STRINGS = NO;
				SWIFT_VERSION = 5.0;
				TARGETED_DEVICE_FAMILY = "1,2";
				TEST_HOST = "$(BUILT_PRODUCTS_DIR)/Tourism Beats.app/$(BUNDLE_EXECUTABLE_FOLDER_PATH)/Tourism Beats";
			};
			name = Release;
		};
		AF23D1DD2C211F2500A3406D /* Debug */ = {
			isa = XCBuildConfiguration;
			buildSettings = {
				ALWAYS_EMBED_SWIFT_STANDARD_LIBRARIES = YES;
				CODE_SIGN_STYLE = Automatic;
				CURRENT_PROJECT_VERSION = 1;
				DEVELOPMENT_TEAM = 2MPMKAF986;
				GENERATE_INFOPLIST_FILE = YES;
				MARKETING_VERSION = 1.0;
				PRODUCT_BUNDLE_IDENTIFIER = "com.arieljtyson.Tourism-BeatsUITests";
				PRODUCT_NAME = "$(TARGET_NAME)";
				SWIFT_EMIT_LOC_STRINGS = NO;
				SWIFT_VERSION = 5.0;
				TARGETED_DEVICE_FAMILY = "1,2";
				TEST_TARGET_NAME = "Tourism Beats";
			};
			name = Debug;
		};
		AF23D1DE2C211F2500A3406D /* Release */ = {
			isa = XCBuildConfiguration;
			buildSettings = {
				ALWAYS_EMBED_SWIFT_STANDARD_LIBRARIES = YES;
				CODE_SIGN_STYLE = Automatic;
				CURRENT_PROJECT_VERSION = 1;
				DEVELOPMENT_TEAM = 2MPMKAF986;
				GENERATE_INFOPLIST_FILE = YES;
				MARKETING_VERSION = 1.0;
				PRODUCT_BUNDLE_IDENTIFIER = "com.arieljtyson.Tourism-BeatsUITests";
				PRODUCT_NAME = "$(TARGET_NAME)";
				SWIFT_EMIT_LOC_STRINGS = NO;
				SWIFT_VERSION = 5.0;
				TARGETED_DEVICE_FAMILY = "1,2";
				TEST_TARGET_NAME = "Tourism Beats";
			};
			name = Release;
		};
/* End XCBuildConfiguration section */

/* Begin XCConfigurationList section */
		AF23D1AD2C211F2400A3406D /* Build configuration list for PBXProject "Tourism Beats" */ = {
			isa = XCConfigurationList;
			buildConfigurations = (
				AF23D1D42C211F2500A3406D /* Debug */,
				AF23D1D52C211F2500A3406D /* Release */,
			);
			defaultConfigurationIsVisible = 0;
			defaultConfigurationName = Release;
		};
		AF23D1D62C211F2500A3406D /* Build configuration list for PBXNativeTarget "Tourism Beats" */ = {
			isa = XCConfigurationList;
			buildConfigurations = (
				AF23D1D72C211F2500A3406D /* Debug */,
				AF23D1D82C211F2500A3406D /* Release */,
			);
			defaultConfigurationIsVisible = 0;
			defaultConfigurationName = Release;
		};
		AF23D1D92C211F2500A3406D /* Build configuration list for PBXNativeTarget "Tourism BeatsTests" */ = {
			isa = XCConfigurationList;
			buildConfigurations = (
				AF23D1DA2C211F2500A3406D /* Debug */,
				AF23D1DB2C211F2500A3406D /* Release */,
			);
			defaultConfigurationIsVisible = 0;
			defaultConfigurationName = Release;
		};
		AF23D1DC2C211F2500A3406D /* Build configuration list for PBXNativeTarget "Tourism BeatsUITests" */ = {
			isa = XCConfigurationList;
			buildConfigurations = (
				AF23D1DD2C211F2500A3406D /* Debug */,
				AF23D1DE2C211F2500A3406D /* Release */,
			);
			defaultConfigurationIsVisible = 0;
			defaultConfigurationName = Release;
		};
/* End XCConfigurationList section */
	};
	rootObject = AF23D1AA2C211F2400A3406D /* Project object */;
}
